
Microsoft Visual Studio Solution File, Format Version 11.00
# Visual Studio 2010
Project("{FAE04EC0-301F-11D3-BF4B-00C04F79EFBC}") = "EO Proxy", "Proxy Phoenix\EO Proxy.csproj", "{52D06846-FFA6-4819-94DE-75AB5BADD220}"
EndProject
Global
	GlobalSection(SolutionConfigurationPlatforms) = preSolution
		Debug|x86 = Debug|x86
		Release|x86 = Release|x86
	EndGlobalSection
	GlobalSection(ProjectConfigurationPlatforms) = postSolution
		{52D06846-FFA6-4819-94DE-75AB5BADD220}.Debug|x86.ActiveCfg = Debug|x86
		{52D06846-FFA6-4819-94DE-75AB5BADD220}.Debug|x86.Build.0 = Debug|x86
		{52D06846-FFA6-4819-94DE-75AB5BADD220}.Release|x86.ActiveCfg = Release|x86
		{52D06846-FFA6-4819-94DE-75AB5BADD220}.Release|x86.Build.0 = Release|x86
	EndGlobalSection
	GlobalSection(SolutionProperties) = preSolution
		HideSolutionNode = FALSE
	EndGlobalSection
EndGlobal
